
Microsoft Visual Studio Solution File, Format Version 12.00
Project("{F2A71F9B-5D33-465A-A702-920D77279786}") = "Issueneter.WebAPI", "Issueneter.WebAPI\Issueneter.WebAPI.fsproj", "{7F7851A3-E5C0-4159-975A-36B15A1A6E1F}"
EndProject
Global
	GlobalSection(SolutionConfigurationPlatforms) = preSolution
		Debug|Any CPU = Debug|Any CPU
		Release|Any CPU = Release|Any CPU
	EndGlobalSection
	GlobalSection(ProjectConfigurationPlatforms) = postSolution
		{7F7851A3-E5C0-4159-975A-36B15A1A6E1F}.Debug|Any CPU.ActiveCfg = Debug|Any CPU
		{7F7851A3-E5C0-4159-975A-36B15A1A6E1F}.Debug|Any CPU.Build.0 = Debug|Any CPU
		{7F7851A3-E5C0-4159-975A-36B15A1A6E1F}.Release|Any CPU.ActiveCfg = Release|Any CPU
		{7F7851A3-E5C0-4159-975A-36B15A1A6E1F}.Release|Any CPU.Build.0 = Release|Any CPU
	EndGlobalSection
EndGlobal
